
Microsoft Visual Studio Solution File, Format Version 12.00
# Visual Studio Version 16
VisualStudioVersion = 16.0.31424.327
MinimumVisualStudioVersion = 10.0.40219.1
Project("{9A19103F-16F7-4668-BE54-9A1E7A4F7556}") = "CSFixedPoint", "CSFixedPoint\CSFixedPoint.csproj", "{B3724A09-4F2A-420E-9045-E2BBCBE0B172}"
EndProject
Project("{9A19103F-16F7-4668-BE54-9A1E7A4F7556}") = "CSFixedPoint.Test", "CSFixedPoint.Test\CSFixedPoint.Test.csproj", "{D70F46BE-8120-4340-BB38-5A043CF09E10}"
EndProject
Project("{FAE04EC0-301F-11D3-BF4B-00C04F79EFBC}") = "CSFixedPoint.LUTGen", "CSFixedPoint.LUTGen\CSFixedPoint.LUTGen.csproj", "{8FDC80B8-2397-4E05-AE0B-95513C70E68D}"
EndProject
Global
	GlobalSection(SolutionConfigurationPlatforms) = preSolution
		Debug|Any CPU = Debug|Any CPU
		Release|Any CPU = Release|Any CPU
	EndGlobalSection
	GlobalSection(ProjectConfigurationPlatforms) = postSolution
		{B3724A09-4F2A-420E-9045-E2BBCBE0B172}.Debug|Any CPU.ActiveCfg = Debug|Any CPU
		{B3724A09-4F2A-420E-9045-E2BBCBE0B172}.Debug|Any CPU.Build.0 = Debug|Any CPU
		{B3724A09-4F2A-420E-9045-E2BBCBE0B172}.Release|Any CPU.ActiveCfg = Release|Any CPU
		{B3724A09-4F2A-420E-9045-E2BBCBE0B172}.Release|Any CPU.Build.0 = Release|Any CPU
		{D70F46BE-8120-4340-BB38-5A043CF09E10}.Debug|Any CPU.ActiveCfg = Debug|Any CPU
		{D70F46BE-8120-4340-BB38-5A043CF09E10}.Debug|Any CPU.Build.0 = Debug|Any CPU
		{D70F46BE-8120-4340-BB38-5A043CF09E10}.Release|Any CPU.ActiveCfg = Release|Any CPU
		{D70F46BE-8120-4340-BB38-5A043CF09E10}.Release|Any CPU.Build.0 = Release|Any CPU
		{8FDC80B8-2397-4E05-AE0B-95513C70E68D}.Debug|Any CPU.ActiveCfg = Debug|Any CPU
		{8FDC80B8-2397-4E05-AE0B-95513C70E68D}.Debug|Any CPU.Build.0 = Debug|Any CPU
		{8FDC80B8-2397-4E05-AE0B-95513C70E68D}.Release|Any CPU.ActiveCfg = Release|Any CPU
		{8FDC80B8-2397-4E05-AE0B-95513C70E68D}.Release|Any CPU.Build.0 = Release|Any CPU
	EndGlobalSection
	GlobalSection(SolutionProperties) = preSolution
		HideSolutionNode = FALSE
	EndGlobalSection
	GlobalSection(ExtensibilityGlobals) = postSolution
		SolutionGuid = {B1647705-6F36-4F0F-987E-E43903C2E444}
	EndGlobalSection
EndGlobal
